
Microsoft Visual Studio Solution File, Format Version 12.00
# Visual Studio Version 17
VisualStudioVersion = 17.8.34408.163
MinimumVisualStudioVersion = 10.0.40219.1
Project("{FAE04EC0-301F-11D3-BF4B-00C04F79EFBC}") = "ConsoleApp1", "ConsoleApp1\ConsoleApp1.csproj", "{87A72B4B-0BDA-4DE0-B8C1-A4844B48672A}"
EndProject
Global
	GlobalSection(SolutionConfigurationPlatforms) = preSolution
		Debug|Any CPU = Debug|Any CPU
		Release|Any CPU = Release|Any CPU
	EndGlobalSection
	GlobalSection(ProjectConfigurationPlatforms) = postSolution
		{87A72B4B-0BDA-4DE0-B8C1-A4844B48672A}.Debug|Any CPU.ActiveCfg = Debug|Any CPU
		{87A72B4B-0BDA-4DE0-B8C1-A4844B48672A}.Debug|Any CPU.Build.0 = Debug|Any CPU
		{87A72B4B-0BDA-4DE0-B8C1-A4844B48672A}.Release|Any CPU.ActiveCfg = Release|Any CPU
		{87A72B4B-0BDA-4DE0-B8C1-A4844B48672A}.Release|Any CPU.Build.0 = Release|Any CPU
	EndGlobalSection
	GlobalSection(SolutionProperties) = preSolution
		HideSolutionNode = FALSE
	EndGlobalSection
	GlobalSection(ExtensibilityGlobals) = postSolution
		SolutionGuid = {DE44F309-553B-4A63-BF92-9F54A136F55A}
	EndGlobalSection
EndGlobal
